
Microsoft Visual Studio Solution File, Format Version 12.00
# Visual Studio Version 17
VisualStudioVersion = 17.13.36105.23 d17.13
MinimumVisualStudioVersion = 10.0.40219.1
Project("{FAE04EC0-301F-11D3-BF4B-00C04F79EFBC}") = "AppWinStyle1", "AppWinStyle1\AppWinStyle1.csproj", "{AA66133A-1650-4DF2-8976-2E68F61509EE}"
EndProject
Global
	GlobalSection(SolutionConfigurationPlatforms) = preSolution
		Debug|Any CPU = Debug|Any CPU
		Release|Any CPU = Release|Any CPU
	EndGlobalSection
	GlobalSection(ProjectConfigurationPlatforms) = postSolution
		{AA66133A-1650-4DF2-8976-2E68F61509EE}.Debug|Any CPU.ActiveCfg = Debug|Any CPU
		{AA66133A-1650-4DF2-8976-2E68F61509EE}.Debug|Any CPU.Build.0 = Debug|Any CPU
		{AA66133A-1650-4DF2-8976-2E68F61509EE}.Release|Any CPU.ActiveCfg = Release|Any CPU
		{AA66133A-1650-4DF2-8976-2E68F61509EE}.Release|Any CPU.Build.0 = Release|Any CPU
	EndGlobalSection
	GlobalSection(SolutionProperties) = preSolution
		HideSolutionNode = FALSE
	EndGlobalSection
	GlobalSection(ExtensibilityGlobals) = postSolution
		SolutionGuid = {2BEA92FC-9269-48E0-B182-B3898936F3DD}
	EndGlobalSection
EndGlobal
